
Microsoft Visual Studio Solution File, Format Version 12.00
# Visual Studio 15
VisualStudioVersion = 15.0.28307.1300
MinimumVisualStudioVersion = 10.0.40219.1
Project("{FAE04EC0-301F-11D3-BF4B-00C04F79EFBC}") = "GigsApplication", "GigsApplication\GigsApplication.csproj", "{2D0C38BC-659A-4B97-B6BD-9E89BD657A94}"
EndProject
Project("{FAE04EC0-301F-11D3-BF4B-00C04F79EFBC}") = "Gig.Tests", "Gig.Tests\Gig.Tests.csproj", "{FCDD5BD5-8893-4340-91EB-28EE01975DF9}"
EndProject
Global
	GlobalSection(SolutionConfigurationPlatforms) = preSolution
		Debug|Any CPU = Debug|Any CPU
		Release|Any CPU = Release|Any CPU
	EndGlobalSection
	GlobalSection(ProjectConfigurationPlatforms) = postSolution
		{2D0C38BC-659A-4B97-B6BD-9E89BD657A94}.Debug|Any CPU.ActiveCfg = Debug|Any CPU
		{2D0C38BC-659A-4B97-B6BD-9E89BD657A94}.Debug|Any CPU.Build.0 = Debug|Any CPU
		{2D0C38BC-659A-4B97-B6BD-9E89BD657A94}.Release|Any CPU.ActiveCfg = Release|Any CPU
		{2D0C38BC-659A-4B97-B6BD-9E89BD657A94}.Release|Any CPU.Build.0 = Release|Any CPU
		{FCDD5BD5-8893-4340-91EB-28EE01975DF9}.Debug|Any CPU.ActiveCfg = Debug|Any CPU
		{FCDD5BD5-8893-4340-91EB-28EE01975DF9}.Debug|Any CPU.Build.0 = Debug|Any CPU
		{FCDD5BD5-8893-4340-91EB-28EE01975DF9}.Release|Any CPU.ActiveCfg = Release|Any CPU
		{FCDD5BD5-8893-4340-91EB-28EE01975DF9}.Release|Any CPU.Build.0 = Release|Any CPU
	EndGlobalSection
	GlobalSection(SolutionProperties) = preSolution
		HideSolutionNode = FALSE
	EndGlobalSection
	GlobalSection(ExtensibilityGlobals) = postSolution
		SolutionGuid = {E0F729E9-B22B-4E12-B2F6-E7D5424D199E}
	EndGlobalSection
	GlobalSection(TeamFoundationVersionControl) = preSolution
		SccNumberOfProjects = 3
		SccEnterpriseProvider = {4CA58AB2-18FA-4F8D-95D4-32DDF27D184C}
		SccTeamFoundationServer = https://dev.azure.com/mohamedabdalsalam114
		SccLocalPath0 = .
		SccProjectUniqueName1 = GigsApplication\\GigsApplication.csproj
		SccProjectName1 = GigsApplication
		SccLocalPath1 = GigsApplication
		SccProjectUniqueName2 = Gig.Tests\\Gig.Tests.csproj
		SccProjectName2 = Gig.Tests
		SccLocalPath2 = Gig.Tests
	EndGlobalSection
EndGlobal
